
Microsoft Visual Studio Solution File, Format Version 12.00
# Visual Studio Version 17
VisualStudioVersion = 17.11.35303.130
MinimumVisualStudioVersion = 10.0.40219.1
Project("{FAE04EC0-301F-11D3-BF4B-00C04F79EFBC}") = "BlogSite.Models", "BlogSite.Models\BlogSite.Models.csproj", "{5A4C9012-9EC8-495C-94D0-DC5FBD56FD69}"
EndProject
Project("{FAE04EC0-301F-11D3-BF4B-00C04F79EFBC}") = "BlogSite.DataAccess", "BlogSite.DataAccess\BlogSite.DataAccess.csproj", "{16F38A7F-74DA-419C-AFD4-7F844C144FB3}"
EndProject
Project("{FAE04EC0-301F-11D3-BF4B-00C04F79EFBC}") = "BlogSite.Service", "BlogSite.Service\BlogSite.Service.csproj", "{AC4DCCB5-3718-42F0-81B0-D832DB5A8231}"
EndProject
Project("{FAE04EC0-301F-11D3-BF4B-00C04F79EFBC}") = "BlogSite.API", "BlogSite.API\BlogSite.API.csproj", "{31057CAC-CDDE-485F-8640-7B39D57C83BA}"
EndProject
Project("{FAE04EC0-301F-11D3-BF4B-00C04F79EFBC}") = "Core", "Core\Core.csproj", "{4FCBC8ED-6E83-4D5C-8258-D981A2A14170}"
EndProject
Global
	GlobalSection(SolutionConfigurationPlatforms) = preSolution
		Debug|Any CPU = Debug|Any CPU
		Release|Any CPU = Release|Any CPU
	EndGlobalSection
	GlobalSection(ProjectConfigurationPlatforms) = postSolution
		{5A4C9012-9EC8-495C-94D0-DC5FBD56FD69}.Debug|Any CPU.ActiveCfg = Debug|Any CPU
		{5A4C9012-9EC8-495C-94D0-DC5FBD56FD69}.Debug|Any CPU.Build.0 = Debug|Any CPU
		{5A4C9012-9EC8-495C-94D0-DC5FBD56FD69}.Release|Any CPU.ActiveCfg = Release|Any CPU
		{5A4C9012-9EC8-495C-94D0-DC5FBD56FD69}.Release|Any CPU.Build.0 = Release|Any CPU
		{16F38A7F-74DA-419C-AFD4-7F844C144FB3}.Debug|Any CPU.ActiveCfg = Debug|Any CPU
		{16F38A7F-74DA-419C-AFD4-7F844C144FB3}.Debug|Any CPU.Build.0 = Debug|Any CPU
		{16F38A7F-74DA-419C-AFD4-7F844C144FB3}.Release|Any CPU.ActiveCfg = Release|Any CPU
		{16F38A7F-74DA-419C-AFD4-7F844C144FB3}.Release|Any CPU.Build.0 = Release|Any CPU
		{AC4DCCB5-3718-42F0-81B0-D832DB5A8231}.Debug|Any CPU.ActiveCfg = Debug|Any CPU
		{AC4DCCB5-3718-42F0-81B0-D832DB5A8231}.Debug|Any CPU.Build.0 = Debug|Any CPU
		{AC4DCCB5-3718-42F0-81B0-D832DB5A8231}.Release|Any CPU.ActiveCfg = Release|Any CPU
		{AC4DCCB5-3718-42F0-81B0-D832DB5A8231}.Release|Any CPU.Build.0 = Release|Any CPU
		{31057CAC-CDDE-485F-8640-7B39D57C83BA}.Debug|Any CPU.ActiveCfg = Debug|Any CPU
		{31057CAC-CDDE-485F-8640-7B39D57C83BA}.Debug|Any CPU.Build.0 = Debug|Any CPU
		{31057CAC-CDDE-485F-8640-7B39D57C83BA}.Release|Any CPU.ActiveCfg = Release|Any CPU
		{31057CAC-CDDE-485F-8640-7B39D57C83BA}.Release|Any CPU.Build.0 = Release|Any CPU
		{4FCBC8ED-6E83-4D5C-8258-D981A2A14170}.Debug|Any CPU.ActiveCfg = Debug|Any CPU
		{4FCBC8ED-6E83-4D5C-8258-D981A2A14170}.Debug|Any CPU.Build.0 = Debug|Any CPU
		{4FCBC8ED-6E83-4D5C-8258-D981A2A14170}.Release|Any CPU.ActiveCfg = Release|Any CPU
		{4FCBC8ED-6E83-4D5C-8258-D981A2A14170}.Release|Any CPU.Build.0 = Release|Any CPU
	EndGlobalSection
	GlobalSection(SolutionProperties) = preSolution
		HideSolutionNode = FALSE
	EndGlobalSection
	GlobalSection(ExtensibilityGlobals) = postSolution
		SolutionGuid = {7F21125F-D7D5-485C-94A4-A980E223C5EB}
	EndGlobalSection
EndGlobal
